
Microsoft Visual Studio Solution File, Format Version 12.00
# Visual Studio Version 17
VisualStudioVersion = 17.9.34728.123
MinimumVisualStudioVersion = 10.0.40219.1
Project("{FAE04EC0-301F-11D3-BF4B-00C04F79EFBC}") = "SistemaDeGestionDeTicket", "SistemaDeGestionDeTicket\SistemaDeGestionDeTicket.csproj", "{82C2A572-7334-46CE-9557-897305A3FCF8}"
EndProject
Global
	GlobalSection(SolutionConfigurationPlatforms) = preSolution
		Debug|Any CPU = Debug|Any CPU
		Release|Any CPU = Release|Any CPU
	EndGlobalSection
	GlobalSection(ProjectConfigurationPlatforms) = postSolution
		{82C2A572-7334-46CE-9557-897305A3FCF8}.Debug|Any CPU.ActiveCfg = Debug|Any CPU
		{82C2A572-7334-46CE-9557-897305A3FCF8}.Debug|Any CPU.Build.0 = Debug|Any CPU
		{82C2A572-7334-46CE-9557-897305A3FCF8}.Release|Any CPU.ActiveCfg = Release|Any CPU
		{82C2A572-7334-46CE-9557-897305A3FCF8}.Release|Any CPU.Build.0 = Release|Any CPU
	EndGlobalSection
	GlobalSection(SolutionProperties) = preSolution
		HideSolutionNode = FALSE
	EndGlobalSection
	GlobalSection(ExtensibilityGlobals) = postSolution
		SolutionGuid = {B03E8F41-6D6B-4906-9115-F0891FB85FFB}
	EndGlobalSection
EndGlobal
