
Microsoft Visual Studio Solution File, Format Version 12.00
# Visual Studio Version 17
VisualStudioVersion = 17.9.34728.123
MinimumVisualStudioVersion = 10.0.40219.1
Project("{FAE04EC0-301F-11D3-BF4B-00C04F79EFBC}") = "NumerosUnicos", "NumerosUnicos\NumerosUnicos.csproj", "{3B9094A6-9FF0-49D0-9E9B-B56A55567FCA}"
EndProject
Global
	GlobalSection(SolutionConfigurationPlatforms) = preSolution
		Debug|Any CPU = Debug|Any CPU
		Release|Any CPU = Release|Any CPU
	EndGlobalSection
	GlobalSection(ProjectConfigurationPlatforms) = postSolution
		{3B9094A6-9FF0-49D0-9E9B-B56A55567FCA}.Debug|Any CPU.ActiveCfg = Debug|Any CPU
		{3B9094A6-9FF0-49D0-9E9B-B56A55567FCA}.Debug|Any CPU.Build.0 = Debug|Any CPU
		{3B9094A6-9FF0-49D0-9E9B-B56A55567FCA}.Release|Any CPU.ActiveCfg = Release|Any CPU
		{3B9094A6-9FF0-49D0-9E9B-B56A55567FCA}.Release|Any CPU.Build.0 = Release|Any CPU
	EndGlobalSection
	GlobalSection(SolutionProperties) = preSolution
		HideSolutionNode = FALSE
	EndGlobalSection
	GlobalSection(ExtensibilityGlobals) = postSolution
		SolutionGuid = {33FD0FDA-34E4-4B8A-BC15-169EB512C496}
	EndGlobalSection
EndGlobal
