
Microsoft Visual Studio Solution File, Format Version 12.00
# Visual Studio Version 17
VisualStudioVersion = 17.9.34714.143
MinimumVisualStudioVersion = 10.0.40219.1
Project("{FAE04EC0-301F-11D3-BF4B-00C04F79EFBC}") = "CalcularIMC", "CalcularIMC\CalcularIMC.csproj", "{DB383813-D886-42C1-BE9E-971D0DF3FD41}"
EndProject
Global
	GlobalSection(SolutionConfigurationPlatforms) = preSolution
		Debug|Any CPU = Debug|Any CPU
		Release|Any CPU = Release|Any CPU
	EndGlobalSection
	GlobalSection(ProjectConfigurationPlatforms) = postSolution
		{DB383813-D886-42C1-BE9E-971D0DF3FD41}.Debug|Any CPU.ActiveCfg = Debug|Any CPU
		{DB383813-D886-42C1-BE9E-971D0DF3FD41}.Debug|Any CPU.Build.0 = Debug|Any CPU
		{DB383813-D886-42C1-BE9E-971D0DF3FD41}.Release|Any CPU.ActiveCfg = Release|Any CPU
		{DB383813-D886-42C1-BE9E-971D0DF3FD41}.Release|Any CPU.Build.0 = Release|Any CPU
	EndGlobalSection
	GlobalSection(SolutionProperties) = preSolution
		HideSolutionNode = FALSE
	EndGlobalSection
	GlobalSection(ExtensibilityGlobals) = postSolution
		SolutionGuid = {D8E79AB2-9C58-4145-AFF8-909BEBF8BCB3}
	EndGlobalSection
EndGlobal
