
Microsoft Visual Studio Solution File, Format Version 12.00
# Visual Studio Version 17
VisualStudioVersion = 17.9.34622.214
MinimumVisualStudioVersion = 10.0.40219.1
Project("{FAE04EC0-301F-11D3-BF4B-00C04F79EFBC}") = "AreaDelTriangulo", "AreaDelTriangulo\AreaDelTriangulo.csproj", "{CA277C70-BD3F-4C45-933B-AE2735C97C89}"
EndProject
Global
	GlobalSection(SolutionConfigurationPlatforms) = preSolution
		Debug|Any CPU = Debug|Any CPU
		Release|Any CPU = Release|Any CPU
	EndGlobalSection
	GlobalSection(ProjectConfigurationPlatforms) = postSolution
		{CA277C70-BD3F-4C45-933B-AE2735C97C89}.Debug|Any CPU.ActiveCfg = Debug|Any CPU
		{CA277C70-BD3F-4C45-933B-AE2735C97C89}.Debug|Any CPU.Build.0 = Debug|Any CPU
		{CA277C70-BD3F-4C45-933B-AE2735C97C89}.Release|Any CPU.ActiveCfg = Release|Any CPU
		{CA277C70-BD3F-4C45-933B-AE2735C97C89}.Release|Any CPU.Build.0 = Release|Any CPU
	EndGlobalSection
	GlobalSection(SolutionProperties) = preSolution
		HideSolutionNode = FALSE
	EndGlobalSection
	GlobalSection(ExtensibilityGlobals) = postSolution
		SolutionGuid = {D54E1E16-62EE-4576-92D5-F129981C2DD7}
	EndGlobalSection
EndGlobal
